
Microsoft Visual Studio Solution File, Format Version 12.00
# Visual Studio Version 16
VisualStudioVersion = 16.0.30330.147
MinimumVisualStudioVersion = 10.0.40219.1
Project("{FAE04EC0-301F-11D3-BF4B-00C04F79EFBC}") = "WebApplication", "WebApplication\WebApplication.csproj", "{DBAD4EB7-6DB2-4640-96CF-EDCBB60C7556}"
EndProject
Global
	GlobalSection(SolutionConfigurationPlatforms) = preSolution
		Debug|Any CPU = Debug|Any CPU
		Release|Any CPU = Release|Any CPU
	EndGlobalSection
	GlobalSection(ProjectConfigurationPlatforms) = postSolution
		{DBAD4EB7-6DB2-4640-96CF-EDCBB60C7556}.Debug|Any CPU.ActiveCfg = Debug|Any CPU
		{DBAD4EB7-6DB2-4640-96CF-EDCBB60C7556}.Debug|Any CPU.Build.0 = Debug|Any CPU
		{DBAD4EB7-6DB2-4640-96CF-EDCBB60C7556}.Release|Any CPU.ActiveCfg = Release|Any CPU
		{DBAD4EB7-6DB2-4640-96CF-EDCBB60C7556}.Release|Any CPU.Build.0 = Release|Any CPU
	EndGlobalSection
	GlobalSection(SolutionProperties) = preSolution
		HideSolutionNode = FALSE
	EndGlobalSection
	GlobalSection(ExtensibilityGlobals) = postSolution
		SolutionGuid = {98B1D4A9-1ACE-4CCE-A53D-3E5BE51CD0D3}
	EndGlobalSection
EndGlobal
